
Microsoft Visual Studio Solution File, Format Version 12.00
# Visual Studio Version 17
VisualStudioVersion = 17.3.32825.248
MinimumVisualStudioVersion = 10.0.40219.1
Project("{FAE04EC0-301F-11D3-BF4B-00C04F79EFBC}") = "CreditTaskWin", "CreditTaskWin\CreditTaskWin.csproj", "{5266C085-309C-49CB-BF3C-BF53C8750A66}"
EndProject
Project("{FAE04EC0-301F-11D3-BF4B-00C04F79EFBC}") = "UnitTestProject1", "UnitTestProject1\UnitTestProject1.csproj", "{EAF87F47-CDC9-412D-B1F0-3C7B75350AC6}"
EndProject
Global
	GlobalSection(SolutionConfigurationPlatforms) = preSolution
		Debug|Any CPU = Debug|Any CPU
		Release|Any CPU = Release|Any CPU
	EndGlobalSection
	GlobalSection(ProjectConfigurationPlatforms) = postSolution
		{5266C085-309C-49CB-BF3C-BF53C8750A66}.Debug|Any CPU.ActiveCfg = Debug|Any CPU
		{5266C085-309C-49CB-BF3C-BF53C8750A66}.Debug|Any CPU.Build.0 = Debug|Any CPU
		{5266C085-309C-49CB-BF3C-BF53C8750A66}.Release|Any CPU.ActiveCfg = Release|Any CPU
		{5266C085-309C-49CB-BF3C-BF53C8750A66}.Release|Any CPU.Build.0 = Release|Any CPU
		{EAF87F47-CDC9-412D-B1F0-3C7B75350AC6}.Debug|Any CPU.ActiveCfg = Debug|Any CPU
		{EAF87F47-CDC9-412D-B1F0-3C7B75350AC6}.Debug|Any CPU.Build.0 = Debug|Any CPU
		{EAF87F47-CDC9-412D-B1F0-3C7B75350AC6}.Release|Any CPU.ActiveCfg = Release|Any CPU
		{EAF87F47-CDC9-412D-B1F0-3C7B75350AC6}.Release|Any CPU.Build.0 = Release|Any CPU
	EndGlobalSection
	GlobalSection(SolutionProperties) = preSolution
		HideSolutionNode = FALSE
	EndGlobalSection
	GlobalSection(ExtensibilityGlobals) = postSolution
		SolutionGuid = {632A73DA-B8E3-4A1F-A176-608C0C7DD5E1}
	EndGlobalSection
EndGlobal
